// !$*UTF8*$!
{
	archiveVersion = 1;
	classes = {
	};
	objectVersion = 50;
	objects = {

/* Begin PBXBuildFile section */
		5D03C05F24BE5CD300069CD2 /* Logic.framework in Frameworks */ = {isa = PBXBuildFile; fileRef = 5D03C05624BE5CD200069CD2 /* Logic.framework */; };
		5D03C06624BE5CD300069CD2 /* LogicTests.swift in Sources */ = {isa = PBXBuildFile; fileRef = 5D03C06524BE5CD300069CD2 /* LogicTests.swift */; };
		5D03C06824BE5CD300069CD2 /* Logic.h in Headers */ = {isa = PBXBuildFile; fileRef = 5D03C05824BE5CD200069CD2 /* Logic.h */; settings = {ATTRIBUTES = (Public, ); }; };
		5D03C06B24BE5CD300069CD2 /* Logic.framework in Frameworks */ = {isa = PBXBuildFile; fileRef = 5D03C05624BE5CD200069CD2 /* Logic.framework */; };
		5D03C06C24BE5CD300069CD2 /* Logic.framework in Embed Frameworks */ = {isa = PBXBuildFile; fileRef = 5D03C05624BE5CD200069CD2 /* Logic.framework */; settings = {ATTRIBUTES = (CodeSignOnCopy, RemoveHeadersOnCopy, ); }; };
		5D03C07424BE5CFA00069CD2 /* RedirectTrap.swift in Sources */ = {isa = PBXBuildFile; fileRef = 5D03BFB924BADF6D00069CD2 /* RedirectTrap.swift */; };
		5D03C07824C1880100069CD2 /* SettingsViewController.swift in Sources */ = {isa = PBXBuildFile; fileRef = 5D03C07524C0EF4A00069CD2 /* SettingsViewController.swift */; };
		5D03C07924C1880700069CD2 /* Settings.swift in Sources */ = {isa = PBXBuildFile; fileRef = 5DF6E4AC24AC5EEE000A7B0D /* Settings.swift */; };
		5D03C07B24CC0FD500069CD2 /* ButtonPublisher.swift in Sources */ = {isa = PBXBuildFile; fileRef = 5D03C07A24CC0FD500069CD2 /* ButtonPublisher.swift */; };
		5D0F8E95240B910A00287BD1 /* PrintManager.m in Sources */ = {isa = PBXBuildFile; fileRef = 5D0F8E94240B910A00287BD1 /* PrintManager.m */; };
		5D14A8EB22C425B400A5ACE9 /* Credits.rtf in Resources */ = {isa = PBXBuildFile; fileRef = 5D14A8EA22C425B400A5ACE9 /* Credits.rtf */; };
		5D39BEDB2122383800693D7E /* AppDelegate.m in Sources */ = {isa = PBXBuildFile; fileRef = 5D39BEDA2122383800693D7E /* AppDelegate.m */; };
		5D39BEDD2122383900693D7E /* Assets.xcassets in Resources */ = {isa = PBXBuildFile; fileRef = 5D39BEDC2122383900693D7E /* Assets.xcassets */; };
		5D39BEE32122383900693D7E /* main.m in Sources */ = {isa = PBXBuildFile; fileRef = 5D39BEE22122383900693D7E /* main.m */; };
		5D6E3B372122FF9E00ED16C9 /* WebViewController.m in Sources */ = {isa = PBXBuildFile; fileRef = 5D6E3B362122FF9E00ED16C9 /* WebViewController.m */; };
		5D6E3B3B212824AF00ED16C9 /* Fastmate.js in Resources */ = {isa = PBXBuildFile; fileRef = 5D6E3B3A212824AF00ED16C9 /* Fastmate.js */; };
		5D8D0F9D24B267DD004CD59F /* Alert.swift in Sources */ = {isa = PBXBuildFile; fileRef = 5D8D0F9C24B267DD004CD59F /* Alert.swift */; };
		5D8D0F9F24B528D0004CD59F /* FastmateAppDelegate.swift in Sources */ = {isa = PBXBuildFile; fileRef = 5D8D0F9E24B528D0004CD59F /* FastmateAppDelegate.swift */; };
		5D8DDE2A244399BD00747135 /* KVOBlockObserver.m in Sources */ = {isa = PBXBuildFile; fileRef = 5D8DDE29244399BD00747135 /* KVOBlockObserver.m */; };
		5DA21A162128617900C765BF /* Main.storyboard in Resources */ = {isa = PBXBuildFile; fileRef = 5DA21A142128617900C765BF /* Main.storyboard */; };
		5DA21A19212865F000C765BF /* UnreadCountObserver.m in Sources */ = {isa = PBXBuildFile; fileRef = 5DA21A18212865F000C765BF /* UnreadCountObserver.m */; };
		5DC5E5952457F96D00C30171 /* NotificationCenter.m in Sources */ = {isa = PBXBuildFile; fileRef = 5DC5E5942457F96D00C30171 /* NotificationCenter.m */; };
		5DF6E4AB24AB737F000A7B0D /* WindowController.swift in Sources */ = {isa = PBXBuildFile; fileRef = 5DF6E4AA24AB737F000A7B0D /* WindowController.swift */; };
		5DF6E4AF24AE8F9B000A7B0D /* VersionChecker.swift in Sources */ = {isa = PBXBuildFile; fileRef = 5DF6E4AE24AE8F9B000A7B0D /* VersionChecker.swift */; };
/* End PBXBuildFile section */

/* Begin PBXContainerItemProxy section */
		5D03C06024BE5CD300069CD2 /* PBXContainerItemProxy */ = {
			isa = PBXContainerItemProxy;
			containerPortal = 5D39BECE2122383700693D7E /* Project object */;
			proxyType = 1;
			remoteGlobalIDString = 5D03C05524BE5CD200069CD2;
			remoteInfo = Logic;
		};
		5D03C06224BE5CD300069CD2 /* PBXContainerItemProxy */ = {
			isa = PBXContainerItemProxy;
			containerPortal = 5D39BECE2122383700693D7E /* Project object */;
			proxyType = 1;
			remoteGlobalIDString = 5D39BED52122383800693D7E;
			remoteInfo = Fastmate;
		};
		5D03C06924BE5CD300069CD2 /* PBXContainerItemProxy */ = {
			isa = PBXContainerItemProxy;
			containerPortal = 5D39BECE2122383700693D7E /* Project object */;
			proxyType = 1;
			remoteGlobalIDString = 5D03C05524BE5CD200069CD2;
			remoteInfo = Logic;
		};
/* End PBXContainerItemProxy section */

/* Begin PBXCopyFilesBuildPhase section */
		5D03C06D24BE5CD300069CD2 /* Embed Frameworks */ = {
			isa = PBXCopyFilesBuildPhase;
			buildActionMask = 2147483647;
			dstPath = "";
			dstSubfolderSpec = 10;
			files = (
				5D03C06C24BE5CD300069CD2 /* Logic.framework in Embed Frameworks */,
			);
			name = "Embed Frameworks";
			runOnlyForDeploymentPostprocessing = 0;
		};
/* End PBXCopyFilesBuildPhase section */

/* Begin PBXFileReference section */
		5D03BFB924BADF6D00069CD2 /* RedirectTrap.swift */ = {isa = PBXFileReference; lastKnownFileType = sourcecode.swift; path = RedirectTrap.swift; sourceTree = "<group>"; };
		5D03C05624BE5CD200069CD2 /* Logic.framework */ = {isa = PBXFileReference; explicitFileType = wrapper.framework; includeInIndex = 0; path = Logic.framework; sourceTree = BUILT_PRODUCTS_DIR; };
		5D03C05824BE5CD200069CD2 /* Logic.h */ = {isa = PBXFileReference; lastKnownFileType = sourcecode.c.h; path = Logic.h; sourceTree = "<group>"; };
		5D03C05924BE5CD200069CD2 /* Info.plist */ = {isa = PBXFileReference; lastKnownFileType = text.plist.xml; path = Info.plist; sourceTree = "<group>"; };
		5D03C05E24BE5CD200069CD2 /* LogicTests.xctest */ = {isa = PBXFileReference; explicitFileType = wrapper.cfbundle; includeInIndex = 0; path = LogicTests.xctest; sourceTree = BUILT_PRODUCTS_DIR; };
		5D03C06524BE5CD300069CD2 /* LogicTests.swift */ = {isa = PBXFileReference; lastKnownFileType = sourcecode.swift; path = LogicTests.swift; sourceTree = "<group>"; };
		5D03C06724BE5CD300069CD2 /* Info.plist */ = {isa = PBXFileReference; lastKnownFileType = text.plist.xml; path = Info.plist; sourceTree = "<group>"; };
		5D03C07524C0EF4A00069CD2 /* SettingsViewController.swift */ = {isa = PBXFileReference; lastKnownFileType = sourcecode.swift; path = SettingsViewController.swift; sourceTree = "<group>"; };
		5D03C07A24CC0FD500069CD2 /* ButtonPublisher.swift */ = {isa = PBXFileReference; lastKnownFileType = sourcecode.swift; path = ButtonPublisher.swift; sourceTree = "<group>"; };
		5D0F8E93240B910A00287BD1 /* PrintManager.h */ = {isa = PBXFileReference; lastKnownFileType = sourcecode.c.h; path = PrintManager.h; sourceTree = "<group>"; };
		5D0F8E94240B910A00287BD1 /* PrintManager.m */ = {isa = PBXFileReference; lastKnownFileType = sourcecode.c.objc; path = PrintManager.m; sourceTree = "<group>"; };
		5D14A8EA22C425B400A5ACE9 /* Credits.rtf */ = {isa = PBXFileReference; lastKnownFileType = text.rtf; path = Credits.rtf; sourceTree = "<group>"; };
		5D39BED62122383800693D7E /* Fastmate.app */ = {isa = PBXFileReference; explicitFileType = wrapper.application; includeInIndex = 0; path = Fastmate.app; sourceTree = BUILT_PRODUCTS_DIR; };
		5D39BED92122383800693D7E /* AppDelegate.h */ = {isa = PBXFileReference; lastKnownFileType = sourcecode.c.h; path = AppDelegate.h; sourceTree = "<group>"; };
		5D39BEDA2122383800693D7E /* AppDelegate.m */ = {isa = PBXFileReference; lastKnownFileType = sourcecode.c.objc; path = AppDelegate.m; sourceTree = "<group>"; };
		5D39BEDC2122383900693D7E /* Assets.xcassets */ = {isa = PBXFileReference; lastKnownFileType = folder.assetcatalog; path = Assets.xcassets; sourceTree = "<group>"; };
		5D39BEE12122383900693D7E /* Info.plist */ = {isa = PBXFileReference; lastKnownFileType = text.plist.xml; path = Info.plist; sourceTree = "<group>"; };
		5D39BEE22122383900693D7E /* main.m */ = {isa = PBXFileReference; lastKnownFileType = sourcecode.c.objc; path = main.m; sourceTree = "<group>"; };
		5D39BEE42122383900693D7E /* Fastmate.entitlements */ = {isa = PBXFileReference; lastKnownFileType = text.plist.entitlements; path = Fastmate.entitlements; sourceTree = "<group>"; };
		5D6E3B352122FF9E00ED16C9 /* WebViewController.h */ = {isa = PBXFileReference; lastKnownFileType = sourcecode.c.h; path = WebViewController.h; sourceTree = "<group>"; };
		5D6E3B362122FF9E00ED16C9 /* WebViewController.m */ = {isa = PBXFileReference; lastKnownFileType = sourcecode.c.objc; path = WebViewController.m; sourceTree = "<group>"; };
		5D6E3B3A212824AF00ED16C9 /* Fastmate.js */ = {isa = PBXFileReference; lastKnownFileType = sourcecode.javascript; path = Fastmate.js; sourceTree = "<group>"; };
		5D8D0F9C24B267DD004CD59F /* Alert.swift */ = {isa = PBXFileReference; lastKnownFileType = sourcecode.swift; path = Alert.swift; sourceTree = "<group>"; };
		5D8D0F9E24B528D0004CD59F /* FastmateAppDelegate.swift */ = {isa = PBXFileReference; lastKnownFileType = sourcecode.swift; path = FastmateAppDelegate.swift; sourceTree = "<group>"; };
		5D8DDE28244399BD00747135 /* KVOBlockObserver.h */ = {isa = PBXFileReference; lastKnownFileType = sourcecode.c.h; path = KVOBlockObserver.h; sourceTree = "<group>"; };
		5D8DDE29244399BD00747135 /* KVOBlockObserver.m */ = {isa = PBXFileReference; lastKnownFileType = sourcecode.c.objc; path = KVOBlockObserver.m; sourceTree = "<group>"; };
		5D8DDE2B2443AD4800747135 /* UserDefaultsKeys.h */ = {isa = PBXFileReference; lastKnownFileType = sourcecode.c.h; path = UserDefaultsKeys.h; sourceTree = "<group>"; };
		5DA21A152128617900C765BF /* Base */ = {isa = PBXFileReference; lastKnownFileType = file.storyboard; name = Base; path = Base.lproj/Main.storyboard; sourceTree = "<group>"; };
		5DA21A17212865F000C765BF /* UnreadCountObserver.h */ = {isa = PBXFileReference; lastKnownFileType = sourcecode.c.h; path = UnreadCountObserver.h; sourceTree = "<group>"; };
		5DA21A18212865F000C765BF /* UnreadCountObserver.m */ = {isa = PBXFileReference; lastKnownFileType = sourcecode.c.objc; path = UnreadCountObserver.m; sourceTree = "<group>"; };
		5DC5E5932457F96D00C30171 /* NotificationCenter.h */ = {isa = PBXFileReference; lastKnownFileType = sourcecode.c.h; path = NotificationCenter.h; sourceTree = "<group>"; };
		5DC5E5942457F96D00C30171 /* NotificationCenter.m */ = {isa = PBXFileReference; lastKnownFileType = sourcecode.c.objc; path = NotificationCenter.m; sourceTree = "<group>"; };
		5DF6E4A724AB70F3000A7B0D /* Fastmate-Bridging-Header.h */ = {isa = PBXFileReference; lastKnownFileType = sourcecode.c.h; path = "Fastmate-Bridging-Header.h"; sourceTree = "<group>"; };
		5DF6E4AA24AB737F000A7B0D /* WindowController.swift */ = {isa = PBXFileReference; lastKnownFileType = sourcecode.swift; path = WindowController.swift; sourceTree = "<group>"; };
		5DF6E4AC24AC5EEE000A7B0D /* Settings.swift */ = {isa = PBXFileReference; lastKnownFileType = sourcecode.swift; path = Settings.swift; sourceTree = "<group>"; };
		5DF6E4AE24AE8F9B000A7B0D /* VersionChecker.swift */ = {isa = PBXFileReference; lastKnownFileType = sourcecode.swift; path = VersionChecker.swift; sourceTree = "<group>"; };
/* End PBXFileReference section */

/* Begin PBXFrameworksBuildPhase section */
		5D03C05324BE5CD200069CD2 /* Frameworks */ = {
			isa = PBXFrameworksBuildPhase;
			buildActionMask = 2147483647;
			files = (
			);
			runOnlyForDeploymentPostprocessing = 0;
		};
		5D03C05B24BE5CD200069CD2 /* Frameworks */ = {
			isa = PBXFrameworksBuildPhase;
			buildActionMask = 2147483647;
			files = (
				5D03C05F24BE5CD300069CD2 /* Logic.framework in Frameworks */,
			);
			runOnlyForDeploymentPostprocessing = 0;
		};
		5D39BED32122383800693D7E /* Frameworks */ = {
			isa = PBXFrameworksBuildPhase;
			buildActionMask = 2147483647;
			files = (
				5D03C06B24BE5CD300069CD2 /* Logic.framework in Frameworks */,
			);
			runOnlyForDeploymentPostprocessing = 0;
		};
/* End PBXFrameworksBuildPhase section */

/* Begin PBXGroup section */
		5D03BFBC24BAE29900069CD2 /* Version checking */ = {
			isa = PBXGroup;
			children = (
				5DF6E4AE24AE8F9B000A7B0D /* VersionChecker.swift */,
				5D8D0F9C24B267DD004CD59F /* Alert.swift */,
				5D03BFB924BADF6D00069CD2 /* RedirectTrap.swift */,
			);
			name = "Version checking";
			sourceTree = "<group>";
		};
		5D03C05724BE5CD200069CD2 /* Logic */ = {
			isa = PBXGroup;
			children = (
				5D03C05824BE5CD200069CD2 /* Logic.h */,
				5D03C05924BE5CD200069CD2 /* Info.plist */,
			);
			path = Logic;
			sourceTree = "<group>";
		};
		5D03C06424BE5CD300069CD2 /* LogicTests */ = {
			isa = PBXGroup;
			children = (
				5D03C06524BE5CD300069CD2 /* LogicTests.swift */,
				5D03C06724BE5CD300069CD2 /* Info.plist */,
			);
			path = LogicTests;
			sourceTree = "<group>";
		};
		5D39BECD2122383700693D7E = {
			isa = PBXGroup;
			children = (
				5D39BED82122383800693D7E /* Fastmate */,
				5D03C05724BE5CD200069CD2 /* Logic */,
				5D03C06424BE5CD300069CD2 /* LogicTests */,
				5D39BED72122383800693D7E /* Products */,
			);
			sourceTree = "<group>";
		};
		5D39BED72122383800693D7E /* Products */ = {
			isa = PBXGroup;
			children = (
				5D39BED62122383800693D7E /* Fastmate.app */,
				5D03C05624BE5CD200069CD2 /* Logic.framework */,
				5D03C05E24BE5CD200069CD2 /* LogicTests.xctest */,
			);
			name = Products;
			sourceTree = "<group>";
		};
		5D39BED82122383800693D7E /* Fastmate */ = {
			isa = PBXGroup;
			children = (
				5D39BED92122383800693D7E /* AppDelegate.h */,
				5D39BEDA2122383800693D7E /* AppDelegate.m */,
				5D8D0F9E24B528D0004CD59F /* FastmateAppDelegate.swift */,
				5DF6E4AA24AB737F000A7B0D /* WindowController.swift */,
				5D6E3B352122FF9E00ED16C9 /* WebViewController.h */,
				5D6E3B362122FF9E00ED16C9 /* WebViewController.m */,
				5D0F8E93240B910A00287BD1 /* PrintManager.h */,
				5D0F8E94240B910A00287BD1 /* PrintManager.m */,
				5DA21A17212865F000C765BF /* UnreadCountObserver.h */,
				5DA21A18212865F000C765BF /* UnreadCountObserver.m */,
				5D03C07524C0EF4A00069CD2 /* SettingsViewController.swift */,
				5D8DDE2B2443AD4800747135 /* UserDefaultsKeys.h */,
				5D8DDE28244399BD00747135 /* KVOBlockObserver.h */,
				5D8DDE29244399BD00747135 /* KVOBlockObserver.m */,
				5DC5E5932457F96D00C30171 /* NotificationCenter.h */,
				5DC5E5942457F96D00C30171 /* NotificationCenter.m */,
				5D03BFBC24BAE29900069CD2 /* Version checking */,
				5DF6E4AC24AC5EEE000A7B0D /* Settings.swift */,
				5D03C07A24CC0FD500069CD2 /* ButtonPublisher.swift */,
				5D6E3B3A212824AF00ED16C9 /* Fastmate.js */,
				5D39BEDC2122383900693D7E /* Assets.xcassets */,
				5DA21A142128617900C765BF /* Main.storyboard */,
				5D39BEE12122383900693D7E /* Info.plist */,
				5D39BEE22122383900693D7E /* main.m */,
				5D39BEE42122383900693D7E /* Fastmate.entitlements */,
				5D14A8EA22C425B400A5ACE9 /* Credits.rtf */,
				5DF6E4A724AB70F3000A7B0D /* Fastmate-Bridging-Header.h */,
			);
			path = Fastmate;
			sourceTree = "<group>";
		};
/* End PBXGroup section */

/* Begin PBXHeadersBuildPhase section */
		5D03C05124BE5CD200069CD2 /* Headers */ = {
			isa = PBXHeadersBuildPhase;
			buildActionMask = 2147483647;
			files = (
				5D03C06824BE5CD300069CD2 /* Logic.h in Headers */,
			);
			runOnlyForDeploymentPostprocessing = 0;
		};
/* End PBXHeadersBuildPhase section */

/* Begin PBXNativeTarget section */
		5D03C05524BE5CD200069CD2 /* Logic */ = {
			isa = PBXNativeTarget;
			buildConfigurationList = 5D03C07224BE5CD300069CD2 /* Build configuration list for PBXNativeTarget "Logic" */;
			buildPhases = (
				5D03C05124BE5CD200069CD2 /* Headers */,
				5D03C05224BE5CD200069CD2 /* Sources */,
				5D03C05324BE5CD200069CD2 /* Frameworks */,
				5D03C05424BE5CD200069CD2 /* Resources */,
			);
			buildRules = (
			);
			dependencies = (
			);
			name = Logic;
			productName = Logic;
			productReference = 5D03C05624BE5CD200069CD2 /* Logic.framework */;
			productType = "com.apple.product-type.framework";
		};
		5D03C05D24BE5CD200069CD2 /* LogicTests */ = {
			isa = PBXNativeTarget;
			buildConfigurationList = 5D03C07324BE5CD300069CD2 /* Build configuration list for PBXNativeTarget "LogicTests" */;
			buildPhases = (
				5D03C05A24BE5CD200069CD2 /* Sources */,
				5D03C05B24BE5CD200069CD2 /* Frameworks */,
				5D03C05C24BE5CD200069CD2 /* Resources */,
			);
			buildRules = (
			);
			dependencies = (
				5D03C06124BE5CD300069CD2 /* PBXTargetDependency */,
				5D03C06324BE5CD300069CD2 /* PBXTargetDependency */,
			);
			name = LogicTests;
			productName = LogicTests;
			productReference = 5D03C05E24BE5CD200069CD2 /* LogicTests.xctest */;
			productType = "com.apple.product-type.bundle.unit-test";
		};
		5D39BED52122383800693D7E /* Fastmate */ = {
			isa = PBXNativeTarget;
			buildConfigurationList = 5D39BEE72122383900693D7E /* Build configuration list for PBXNativeTarget "Fastmate" */;
			buildPhases = (
				5D39BED22122383800693D7E /* Sources */,
				5D39BED32122383800693D7E /* Frameworks */,
				5D39BED42122383800693D7E /* Resources */,
				5D03C06D24BE5CD300069CD2 /* Embed Frameworks */,
			);
			buildRules = (
			);
			dependencies = (
				5D03C06A24BE5CD300069CD2 /* PBXTargetDependency */,
			);
			name = Fastmate;
			productName = Fastmate;
			productReference = 5D39BED62122383800693D7E /* Fastmate.app */;
			productType = "com.apple.product-type.application";
		};
/* End PBXNativeTarget section */

/* Begin PBXProject section */
		5D39BECE2122383700693D7E /* Project object */ = {
			isa = PBXProject;
			attributes = {
				LastSwiftUpdateCheck = 1150;
				LastUpgradeCheck = 1150;
				TargetAttributes = {
					5D03C05524BE5CD200069CD2 = {
						CreatedOnToolsVersion = 11.5;
					};
					5D03C05D24BE5CD200069CD2 = {
						CreatedOnToolsVersion = 11.5;
					};
					5D39BED52122383800693D7E = {
						CreatedOnToolsVersion = 9.4.1;
						LastSwiftMigration = 1150;
						SystemCapabilities = {
							com.apple.Sandbox = {
								enabled = 1;
							};
						};
					};
				};
			};
			buildConfigurationList = 5D39BED12122383700693D7E /* Build configuration list for PBXProject "Fastmate" */;
			compatibilityVersion = "Xcode 9.3";
			developmentRegion = en;
			hasScannedForEncodings = 0;
			knownRegions = (
				en,
				Base,
			);
			mainGroup = 5D39BECD2122383700693D7E;
			productRefGroup = 5D39BED72122383800693D7E /* Products */;
			projectDirPath = "";
			projectRoot = "";
			targets = (
				5D39BED52122383800693D7E /* Fastmate */,
				5D03C05524BE5CD200069CD2 /* Logic */,
				5D03C05D24BE5CD200069CD2 /* LogicTests */,
			);
		};
/* End PBXProject section */

/* Begin PBXResourcesBuildPhase section */
		5D03C05424BE5CD200069CD2 /* Resources */ = {
			isa = PBXResourcesBuildPhase;
			buildActionMask = 2147483647;
			files = (
			);
			runOnlyForDeploymentPostprocessing = 0;
		};
		5D03C05C24BE5CD200069CD2 /* Resources */ = {
			isa = PBXResourcesBuildPhase;
			buildActionMask = 2147483647;
			files = (
			);
			runOnlyForDeploymentPostprocessing = 0;
		};
		5D39BED42122383800693D7E /* Resources */ = {
			isa = PBXResourcesBuildPhase;
			buildActionMask = 2147483647;
			files = (
				5D39BEDD2122383900693D7E /* Assets.xcassets in Resources */,
				5DA21A162128617900C765BF /* Main.storyboard in Resources */,
				5D6E3B3B212824AF00ED16C9 /* Fastmate.js in Resources */,
				5D14A8EB22C425B400A5ACE9 /* Credits.rtf in Resources */,
			);
			runOnlyForDeploymentPostprocessing = 0;
		};
/* End PBXResourcesBuildPhase section */

/* Begin PBXSourcesBuildPhase section */
		5D03C05224BE5CD200069CD2 /* Sources */ = {
			isa = PBXSourcesBuildPhase;
			buildActionMask = 2147483647;
			files = (
				5D03C07424BE5CFA00069CD2 /* RedirectTrap.swift in Sources */,
			);
			runOnlyForDeploymentPostprocessing = 0;
		};
		5D03C05A24BE5CD200069CD2 /* Sources */ = {
			isa = PBXSourcesBuildPhase;
			buildActionMask = 2147483647;
			files = (
				5D03C06624BE5CD300069CD2 /* LogicTests.swift in Sources */,
			);
			runOnlyForDeploymentPostprocessing = 0;
		};
		5D39BED22122383800693D7E /* Sources */ = {
			isa = PBXSourcesBuildPhase;
			buildActionMask = 2147483647;
			files = (
				5D03C07924C1880700069CD2 /* Settings.swift in Sources */,
				5D03C07824C1880100069CD2 /* SettingsViewController.swift in Sources */,
				5D8DDE2A244399BD00747135 /* KVOBlockObserver.m in Sources */,
				5DF6E4AB24AB737F000A7B0D /* WindowController.swift in Sources */,
				5DF6E4AF24AE8F9B000A7B0D /* VersionChecker.swift in Sources */,
				5DC5E5952457F96D00C30171 /* NotificationCenter.m in Sources */,
				5D8D0F9F24B528D0004CD59F /* FastmateAppDelegate.swift in Sources */,
				5D8D0F9D24B267DD004CD59F /* Alert.swift in Sources */,
				5DA21A19212865F000C765BF /* UnreadCountObserver.m in Sources */,
				5D39BEE32122383900693D7E /* main.m in Sources */,
				5D03C07B24CC0FD500069CD2 /* ButtonPublisher.swift in Sources */,
				5D6E3B372122FF9E00ED16C9 /* WebViewController.m in Sources */,
				5D0F8E95240B910A00287BD1 /* PrintManager.m in Sources */,
				5D39BEDB2122383800693D7E /* AppDelegate.m in Sources */,
			);
			runOnlyForDeploymentPostprocessing = 0;
		};
/* End PBXSourcesBuildPhase section */

/* Begin PBXTargetDependency section */
		5D03C06124BE5CD300069CD2 /* PBXTargetDependency */ = {
			isa = PBXTargetDependency;
			target = 5D03C05524BE5CD200069CD2 /* Logic */;
			targetProxy = 5D03C06024BE5CD300069CD2 /* PBXContainerItemProxy */;
		};
		5D03C06324BE5CD300069CD2 /* PBXTargetDependency */ = {
			isa = PBXTargetDependency;
			target = 5D39BED52122383800693D7E /* Fastmate */;
			targetProxy = 5D03C06224BE5CD300069CD2 /* PBXContainerItemProxy */;
		};
		5D03C06A24BE5CD300069CD2 /* PBXTargetDependency */ = {
			isa = PBXTargetDependency;
			target = 5D03C05524BE5CD200069CD2 /* Logic */;
			targetProxy = 5D03C06924BE5CD300069CD2 /* PBXContainerItemProxy */;
		};
/* End PBXTargetDependency section */

/* Begin PBXVariantGroup section */
		5DA21A142128617900C765BF /* Main.storyboard */ = {
			isa = PBXVariantGroup;
			children = (
				5DA21A152128617900C765BF /* Base */,
			);
			name = Main.storyboard;
			sourceTree = "<group>";
		};
/* End PBXVariantGroup section */

/* Begin XCBuildConfiguration section */
		5D03C06E24BE5CD300069CD2 /* Debug */ = {
			isa = XCBuildConfiguration;
			buildSettings = {
				CODE_SIGN_IDENTITY = "Apple Development";
				CODE_SIGN_STYLE = Automatic;
				COMBINE_HIDPI_IMAGES = YES;
				CURRENT_PROJECT_VERSION = 1;
				DEFINES_MODULE = YES;
				DEVELOPMENT_TEAM = QG9T4DR8QU;
				DYLIB_COMPATIBILITY_VERSION = 1;
				DYLIB_CURRENT_VERSION = 1;
				DYLIB_INSTALL_NAME_BASE = "@rpath";
				INFOPLIST_FILE = Logic/Info.plist;
				INSTALL_PATH = "$(LOCAL_LIBRARY_DIR)/Frameworks";
				LD_RUNPATH_SEARCH_PATHS = (
					"$(inherited)",
					"@executable_path/../Frameworks",
					"@loader_path/Frameworks",
				);
				MACOSX_DEPLOYMENT_TARGET = 10.15;
				MTL_ENABLE_DEBUG_INFO = INCLUDE_SOURCE;
				MTL_FAST_MATH = YES;
				PRODUCT_BUNDLE_IDENTIFIER = io.ekstrom.Logic;
				PRODUCT_NAME = "$(TARGET_NAME:c99extidentifier)";
				SKIP_INSTALL = YES;
				SWIFT_ACTIVE_COMPILATION_CONDITIONS = DEBUG;
				SWIFT_OPTIMIZATION_LEVEL = "-Onone";
				SWIFT_VERSION = 5.0;
				VERSIONING_SYSTEM = "apple-generic";
				VERSION_INFO_PREFIX = "";
			};
			name = Debug;
		};
		5D03C06F24BE5CD300069CD2 /* Release */ = {
			isa = XCBuildConfiguration;
			buildSettings = {
				CODE_SIGN_IDENTITY = "Apple Development";
				CODE_SIGN_STYLE = Automatic;
				COMBINE_HIDPI_IMAGES = YES;
				CURRENT_PROJECT_VERSION = 1;
				DEFINES_MODULE = YES;
				DEVELOPMENT_TEAM = QG9T4DR8QU;
				DYLIB_COMPATIBILITY_VERSION = 1;
				DYLIB_CURRENT_VERSION = 1;
				DYLIB_INSTALL_NAME_BASE = "@rpath";
				INFOPLIST_FILE = Logic/Info.plist;
				INSTALL_PATH = "$(LOCAL_LIBRARY_DIR)/Frameworks";
				LD_RUNPATH_SEARCH_PATHS = (
					"$(inherited)",
					"@executable_path/../Frameworks",
					"@loader_path/Frameworks",
				);
				MACOSX_DEPLOYMENT_TARGET = 10.15;
				MTL_FAST_MATH = YES;
				PRODUCT_BUNDLE_IDENTIFIER = io.ekstrom.Logic;
				PRODUCT_NAME = "$(TARGET_NAME:c99extidentifier)";
				SKIP_INSTALL = YES;
				SWIFT_OPTIMIZATION_LEVEL = "-O";
				SWIFT_VERSION = 5.0;
				VERSIONING_SYSTEM = "apple-generic";
				VERSION_INFO_PREFIX = "";
			};
			name = Release;
		};
		5D03C07024BE5CD300069CD2 /* Debug */ = {
			isa = XCBuildConfiguration;
			buildSettings = {
				ALWAYS_EMBED_SWIFT_STANDARD_LIBRARIES = YES;
				CODE_SIGN_STYLE = Automatic;
				COMBINE_HIDPI_IMAGES = YES;
				DEVELOPMENT_TEAM = QG9T4DR8QU;
				INFOPLIST_FILE = LogicTests/Info.plist;
				LD_RUNPATH_SEARCH_PATHS = (
					"$(inherited)",
					"@executable_path/../Frameworks",
					"@loader_path/../Frameworks",
				);
				MACOSX_DEPLOYMENT_TARGET = 10.15;
				MTL_ENABLE_DEBUG_INFO = INCLUDE_SOURCE;
				MTL_FAST_MATH = YES;
				PRODUCT_BUNDLE_IDENTIFIER = io.ekstrom.LogicTests;
				PRODUCT_NAME = "$(TARGET_NAME)";
				SWIFT_ACTIVE_COMPILATION_CONDITIONS = DEBUG;
				SWIFT_OPTIMIZATION_LEVEL = "-Onone";
				SWIFT_VERSION = 5.0;
			};
			name = Debug;
		};
		5D03C07124BE5CD300069CD2 /* Release */ = {
			isa = XCBuildConfiguration;
			buildSettings = {
				ALWAYS_EMBED_SWIFT_STANDARD_LIBRARIES = YES;
				CODE_SIGN_STYLE = Automatic;
				COMBINE_HIDPI_IMAGES = YES;
				DEVELOPMENT_TEAM = QG9T4DR8QU;
				INFOPLIST_FILE = LogicTests/Info.plist;
				LD_RUNPATH_SEARCH_PATHS = (
					"$(inherited)",
					"@executable_path/../Frameworks",
					"@loader_path/../Frameworks",
				);
				MACOSX_DEPLOYMENT_TARGET = 10.15;
				MTL_FAST_MATH = YES;
				PRODUCT_BUNDLE_IDENTIFIER = io.ekstrom.LogicTests;
				PRODUCT_NAME = "$(TARGET_NAME)";
				SWIFT_OPTIMIZATION_LEVEL = "-O";
				SWIFT_VERSION = 5.0;
			};
			name = Release;
		};
		5D39BEE52122383900693D7E /* Debug */ = {
			isa = XCBuildConfiguration;
			buildSettings = {
				ALWAYS_SEARCH_USER_PATHS = NO;
				CLANG_ANALYZER_NONNULL = YES;
				CLANG_ANALYZER_NUMBER_OBJECT_CONVERSION = YES_AGGRESSIVE;
				CLANG_CXX_LANGUAGE_STANDARD = "gnu++14";
				CLANG_CXX_LIBRARY = "libc++";
				CLANG_ENABLE_MODULES = YES;
				CLANG_ENABLE_OBJC_ARC = YES;
				CLANG_ENABLE_OBJC_WEAK = YES;
				CLANG_WARN_BLOCK_CAPTURE_AUTORELEASING = YES;
				CLANG_WARN_BOOL_CONVERSION = YES;
				CLANG_WARN_COMMA = YES;
				CLANG_WARN_CONSTANT_CONVERSION = YES;
				CLANG_WARN_DEPRECATED_OBJC_IMPLEMENTATIONS = YES;
				CLANG_WARN_DIRECT_OBJC_ISA_USAGE = YES_ERROR;
				CLANG_WARN_DOCUMENTATION_COMMENTS = YES;
				CLANG_WARN_EMPTY_BODY = YES;
				CLANG_WARN_ENUM_CONVERSION = YES;
				CLANG_WARN_INFINITE_RECURSION = YES;
				CLANG_WARN_INT_CONVERSION = YES;
				CLANG_WARN_NON_LITERAL_NULL_CONVERSION = YES;
				CLANG_WARN_OBJC_IMPLICIT_RETAIN_SELF = YES;
				CLANG_WARN_OBJC_LITERAL_CONVERSION = YES;
				CLANG_WARN_OBJC_ROOT_CLASS = YES_ERROR;
				CLANG_WARN_RANGE_LOOP_ANALYSIS = YES;
				CLANG_WARN_STRICT_PROTOTYPES = YES;
				CLANG_WARN_SUSPICIOUS_MOVE = YES;
				CLANG_WARN_UNGUARDED_AVAILABILITY = YES_AGGRESSIVE;
				CLANG_WARN_UNREACHABLE_CODE = YES;
				CLANG_WARN__DUPLICATE_METHOD_MATCH = YES;
				CODE_SIGN_IDENTITY = "Mac Developer";
				COPY_PHASE_STRIP = NO;
				DEBUG_INFORMATION_FORMAT = dwarf;
				ENABLE_STRICT_OBJC_MSGSEND = YES;
				ENABLE_TESTABILITY = YES;
				GCC_C_LANGUAGE_STANDARD = gnu11;
				GCC_DYNAMIC_NO_PIC = NO;
				GCC_NO_COMMON_BLOCKS = YES;
				GCC_OPTIMIZATION_LEVEL = 0;
				GCC_PREPROCESSOR_DEFINITIONS = (
					"DEBUG=1",
					"$(inherited)",
				);
				GCC_WARN_64_TO_32_BIT_CONVERSION = YES;
				GCC_WARN_ABOUT_RETURN_TYPE = YES_ERROR;
				GCC_WARN_UNDECLARED_SELECTOR = YES;
				GCC_WARN_UNINITIALIZED_AUTOS = YES_AGGRESSIVE;
				GCC_WARN_UNUSED_FUNCTION = YES;
				GCC_WARN_UNUSED_VARIABLE = YES;
				MACOSX_DEPLOYMENT_TARGET = 10.13;
				MTL_ENABLE_DEBUG_INFO = YES;
				ONLY_ACTIVE_ARCH = YES;
				SDKROOT = macosx;
			};
			name = Debug;
		};
		5D39BEE62122383900693D7E /* Release */ = {
			isa = XCBuildConfiguration;
			buildSettings = {
				ALWAYS_SEARCH_USER_PATHS = NO;
				CLANG_ANALYZER_NONNULL = YES;
				CLANG_ANALYZER_NUMBER_OBJECT_CONVERSION = YES_AGGRESSIVE;
				CLANG_CXX_LANGUAGE_STANDARD = "gnu++14";
				CLANG_CXX_LIBRARY = "libc++";
				CLANG_ENABLE_MODULES = YES;
				CLANG_ENABLE_OBJC_ARC = YES;
				CLANG_ENABLE_OBJC_WEAK = YES;
				CLANG_WARN_BLOCK_CAPTURE_AUTORELEASING = YES;
				CLANG_WARN_BOOL_CONVERSION = YES;
				CLANG_WARN_COMMA = YES;
				CLANG_WARN_CONSTANT_CONVERSION = YES;
				CLANG_WARN_DEPRECATED_OBJC_IMPLEMENTATIONS = YES;
				CLANG_WARN_DIRECT_OBJC_ISA_USAGE = YES_ERROR;
				CLANG_WARN_DOCUMENTATION_COMMENTS = YES;
				CLANG_WARN_EMPTY_BODY = YES;
				CLANG_WARN_ENUM_CONVERSION = YES;
				CLANG_WARN_INFINITE_RECURSION = YES;
				CLANG_WARN_INT_CONVERSION = YES;
				CLANG_WARN_NON_LITERAL_NULL_CONVERSION = YES;
				CLANG_WARN_OBJC_IMPLICIT_RETAIN_SELF = YES;
				CLANG_WARN_OBJC_LITERAL_CONVERSION = YES;
				CLANG_WARN_OBJC_ROOT_CLASS = YES_ERROR;
				CLANG_WARN_RANGE_LOOP_ANALYSIS = YES;
				CLANG_WARN_STRICT_PROTOTYPES = YES;
				CLANG_WARN_SUSPICIOUS_MOVE = YES;
				CLANG_WARN_UNGUARDED_AVAILABILITY = YES_AGGRESSIVE;
				CLANG_WARN_UNREACHABLE_CODE = YES;
				CLANG_WARN__DUPLICATE_METHOD_MATCH = YES;
				CODE_SIGN_IDENTITY = "Mac Developer";
				COPY_PHASE_STRIP = NO;
				DEBUG_INFORMATION_FORMAT = "dwarf-with-dsym";
				ENABLE_NS_ASSERTIONS = NO;
				ENABLE_STRICT_OBJC_MSGSEND = YES;
				GCC_C_LANGUAGE_STANDARD = gnu11;
				GCC_NO_COMMON_BLOCKS = YES;
				GCC_WARN_64_TO_32_BIT_CONVERSION = YES;
				GCC_WARN_ABOUT_RETURN_TYPE = YES_ERROR;
				GCC_WARN_UNDECLARED_SELECTOR = YES;
				GCC_WARN_UNINITIALIZED_AUTOS = YES_AGGRESSIVE;
				GCC_WARN_UNUSED_FUNCTION = YES;
				GCC_WARN_UNUSED_VARIABLE = YES;
				MACOSX_DEPLOYMENT_TARGET = 10.13;
				MTL_ENABLE_DEBUG_INFO = NO;
				SDKROOT = macosx;
				SWIFT_COMPILATION_MODE = wholemodule;
			};
			name = Release;
		};
		5D39BEE82122383900693D7E /* Debug */ = {
			isa = XCBuildConfiguration;
			buildSettings = {
				ALWAYS_EMBED_SWIFT_STANDARD_LIBRARIES = YES;
				ASSETCATALOG_COMPILER_APPICON_NAME = AppIcon;
				CLANG_ENABLE_MODULES = YES;
				CODE_SIGN_ENTITLEMENTS = Fastmate/Fastmate.entitlements;
				CODE_SIGN_IDENTITY = "Apple Development";
				CODE_SIGN_STYLE = Automatic;
				COMBINE_HIDPI_IMAGES = YES;
				CURRENT_PROJECT_VERSION = 1;
				DEVELOPMENT_TEAM = QG9T4DR8QU;
				ENABLE_HARDENED_RUNTIME = YES;
				INFOPLIST_FILE = Fastmate/Info.plist;
				LD_RUNPATH_SEARCH_PATHS = (
					"$(inherited)",
					"@executable_path/../Frameworks",
				);
				MACOSX_DEPLOYMENT_TARGET = 10.15;
				MARKETING_VERSION = 1.6.0;
				PRODUCT_BUNDLE_IDENTIFIER = io.ekstrom.Fastmate;
				PRODUCT_NAME = "$(TARGET_NAME)";
				SWIFT_INSTALL_OBJC_HEADER = YES;
				SWIFT_OBJC_BRIDGING_HEADER = "Fastmate/Fastmate-Bridging-Header.h";
				SWIFT_OPTIMIZATION_LEVEL = "-Onone";
				SWIFT_VERSION = 5.0;
			};
			name = Debug;
		};
		5D39BEE92122383900693D7E /* Release */ = {
			isa = XCBuildConfiguration;
			buildSettings = {
				ALWAYS_EMBED_SWIFT_STANDARD_LIBRARIES = YES;
				ASSETCATALOG_COMPILER_APPICON_NAME = AppIcon;
				CLANG_ENABLE_MODULES = YES;
				CODE_SIGN_ENTITLEMENTS = Fastmate/Fastmate.entitlements;
				CODE_SIGN_IDENTITY = "Apple Development";
				CODE_SIGN_STYLE = Automatic;
				COMBINE_HIDPI_IMAGES = YES;
				CURRENT_PROJECT_VERSION = 1;
				DEVELOPMENT_TEAM = QG9T4DR8QU;
				ENABLE_HARDENED_RUNTIME = YES;
				INFOPLIST_FILE = Fastmate/Info.plist;
				LD_RUNPATH_SEARCH_PATHS = (
					"$(inherited)",
					"@executable_path/../Frameworks",
				);
				MACOSX_DEPLOYMENT_TARGET = 10.15;
				MARKETING_VERSION = 1.6.0;
				PRODUCT_BUNDLE_IDENTIFIER = io.ekstrom.Fastmate;
				PRODUCT_NAME = "$(TARGET_NAME)";
				SWIFT_INSTALL_OBJC_HEADER = YES;
				SWIFT_OBJC_BRIDGING_HEADER = "Fastmate/Fastmate-Bridging-Header.h";
				SWIFT_OPTIMIZATION_LEVEL = "-O";
				SWIFT_VERSION = 5.0;
			};
			name = Release;
		};
/* End XCBuildConfiguration section */

/* Begin XCConfigurationList section */
		5D03C07224BE5CD300069CD2 /* Build configuration list for PBXNativeTarget "Logic" */ = {
			isa = XCConfigurationList;
			buildConfigurations = (
				5D03C06E24BE5CD300069CD2 /* Debug */,
				5D03C06F24BE5CD300069CD2 /* Release */,
			);
			defaultConfigurationIsVisible = 0;
			defaultConfigurationName = Release;
		};
		5D03C07324BE5CD300069CD2 /* Build configuration list for PBXNativeTarget "LogicTests" */ = {
			isa = XCConfigurationList;
			buildConfigurations = (
				5D03C07024BE5CD300069CD2 /* Debug */,
				5D03C07124BE5CD300069CD2 /* Release */,
			);
			defaultConfigurationIsVisible = 0;
			defaultConfigurationName = Release;
		};
		5D39BED12122383700693D7E /* Build configuration list for PBXProject "Fastmate" */ = {
			isa = XCConfigurationList;
			buildConfigurations = (
				5D39BEE52122383900693D7E /* Debug */,
				5D39BEE62122383900693D7E /* Release */,
			);
			defaultConfigurationIsVisible = 0;
			defaultConfigurationName = Release;
		};
		5D39BEE72122383900693D7E /* Build configuration list for PBXNativeTarget "Fastmate" */ = {
			isa = XCConfigurationList;
			buildConfigurations = (
				5D39BEE82122383900693D7E /* Debug */,
				5D39BEE92122383900693D7E /* Release */,
			);
			defaultConfigurationIsVisible = 0;
			defaultConfigurationName = Release;
		};
/* End XCConfigurationList section */
	};
	rootObject = 5D39BECE2122383700693D7E /* Project object */;
}
