// !$*UTF8*$!
{
	archiveVersion = 1;
	classes = {
	};
	objectVersion = 50;
	objects = {

/* Begin PBXBuildFile section */
		5D0F8E95240B910A00287BD1 /* PrintManager.m in Sources */ = {isa = PBXBuildFile; fileRef = 5D0F8E94240B910A00287BD1 /* PrintManager.m */; };
		5D14A8EB22C425B400A5ACE9 /* Credits.rtf in Resources */ = {isa = PBXBuildFile; fileRef = 5D14A8EA22C425B400A5ACE9 /* Credits.rtf */; };
		5D18D5022685E2EC002999F0 /* PDFKit.framework in Frameworks */ = {isa = PBXBuildFile; fileRef = 5D18D5012685E2EC002999F0 /* PDFKit.framework */; };
		5D1DDBD227897C4D00244F04 /* AppDelegate.swift in Sources */ = {isa = PBXBuildFile; fileRef = 5D1DDBD127897C4D00244F04 /* AppDelegate.swift */; };
		5D1DDBD4278B718000244F04 /* UserDefaults.swift in Sources */ = {isa = PBXBuildFile; fileRef = 5D1DDBD3278B718000244F04 /* UserDefaults.swift */; };
		5D1DDBD6278C483400244F04 /* MainWindowController.swift in Sources */ = {isa = PBXBuildFile; fileRef = 5D1DDBD5278C483400244F04 /* MainWindowController.swift */; };
		5D39BEDD2122383900693D7E /* Assets.xcassets in Resources */ = {isa = PBXBuildFile; fileRef = 5D39BEDC2122383900693D7E /* Assets.xcassets */; };
		5D39BEE32122383900693D7E /* main.m in Sources */ = {isa = PBXBuildFile; fileRef = 5D39BEE22122383900693D7E /* main.m */; };
		5D6E3B372122FF9E00ED16C9 /* WebViewController.m in Sources */ = {isa = PBXBuildFile; fileRef = 5D6E3B362122FF9E00ED16C9 /* WebViewController.m */; };
		5D6E3B3B212824AF00ED16C9 /* Fastmate.js in Resources */ = {isa = PBXBuildFile; fileRef = 5D6E3B3A212824AF00ED16C9 /* Fastmate.js */; };
		5D8DDE2A244399BD00747135 /* KVOBlockObserver.m in Sources */ = {isa = PBXBuildFile; fileRef = 5D8DDE29244399BD00747135 /* KVOBlockObserver.m */; };
		5DA21A162128617900C765BF /* Main.storyboard in Resources */ = {isa = PBXBuildFile; fileRef = 5DA21A142128617900C765BF /* Main.storyboard */; };
		5DBB973827BC4EE7002A2EFE /* Notifications.swift in Sources */ = {isa = PBXBuildFile; fileRef = 5DBB973727BC4EE7002A2EFE /* Notifications.swift */; };
		5DC2AF2D225933BE004C94E5 /* VersionChecker.m in Sources */ = {isa = PBXBuildFile; fileRef = 5DC2AF2C225933BE004C94E5 /* VersionChecker.m */; };
		5DCFE8792258CEC5006B1A21 /* SettingsViewController.m in Sources */ = {isa = PBXBuildFile; fileRef = 5DCFE8782258CEC5006B1A21 /* SettingsViewController.m */; };
		5DF817F52790B9B700D765E4 /* UnreadCount.swift in Sources */ = {isa = PBXBuildFile; fileRef = 5DF817F42790B9B700D765E4 /* UnreadCount.swift */; };
/* End PBXBuildFile section */

/* Begin PBXFileReference section */
		5D0F8E93240B910A00287BD1 /* PrintManager.h */ = {isa = PBXFileReference; lastKnownFileType = sourcecode.c.h; path = PrintManager.h; sourceTree = "<group>"; };
		5D0F8E94240B910A00287BD1 /* PrintManager.m */ = {isa = PBXFileReference; lastKnownFileType = sourcecode.c.objc; path = PrintManager.m; sourceTree = "<group>"; };
		5D14A8EA22C425B400A5ACE9 /* Credits.rtf */ = {isa = PBXFileReference; lastKnownFileType = text.rtf; path = Credits.rtf; sourceTree = "<group>"; };
		5D18D5012685E2EC002999F0 /* PDFKit.framework */ = {isa = PBXFileReference; lastKnownFileType = wrapper.framework; name = PDFKit.framework; path = System/Library/Frameworks/PDFKit.framework; sourceTree = SDKROOT; };
		5D1DDBD027897C4C00244F04 /* Fastmate-Bridging-Header.h */ = {isa = PBXFileReference; lastKnownFileType = sourcecode.c.h; path = "Fastmate-Bridging-Header.h"; sourceTree = "<group>"; };
		5D1DDBD127897C4D00244F04 /* AppDelegate.swift */ = {isa = PBXFileReference; lastKnownFileType = sourcecode.swift; path = AppDelegate.swift; sourceTree = "<group>"; };
		5D1DDBD3278B718000244F04 /* UserDefaults.swift */ = {isa = PBXFileReference; lastKnownFileType = sourcecode.swift; path = UserDefaults.swift; sourceTree = "<group>"; };
		5D1DDBD5278C483400244F04 /* MainWindowController.swift */ = {isa = PBXFileReference; lastKnownFileType = sourcecode.swift; path = MainWindowController.swift; sourceTree = "<group>"; };
		5D39BED62122383800693D7E /* Fastmate.app */ = {isa = PBXFileReference; explicitFileType = wrapper.application; includeInIndex = 0; path = Fastmate.app; sourceTree = BUILT_PRODUCTS_DIR; };
		5D39BEDC2122383900693D7E /* Assets.xcassets */ = {isa = PBXFileReference; lastKnownFileType = folder.assetcatalog; path = Assets.xcassets; sourceTree = "<group>"; };
		5D39BEE12122383900693D7E /* Info.plist */ = {isa = PBXFileReference; lastKnownFileType = text.plist.xml; path = Info.plist; sourceTree = "<group>"; };
		5D39BEE22122383900693D7E /* main.m */ = {isa = PBXFileReference; lastKnownFileType = sourcecode.c.objc; path = main.m; sourceTree = "<group>"; };
		5D39BEE42122383900693D7E /* Fastmate.entitlements */ = {isa = PBXFileReference; lastKnownFileType = text.plist.entitlements; path = Fastmate.entitlements; sourceTree = "<group>"; };
		5D6E3B352122FF9E00ED16C9 /* WebViewController.h */ = {isa = PBXFileReference; lastKnownFileType = sourcecode.c.h; path = WebViewController.h; sourceTree = "<group>"; };
		5D6E3B362122FF9E00ED16C9 /* WebViewController.m */ = {isa = PBXFileReference; lastKnownFileType = sourcecode.c.objc; path = WebViewController.m; sourceTree = "<group>"; };
		5D6E3B3A212824AF00ED16C9 /* Fastmate.js */ = {isa = PBXFileReference; lastKnownFileType = sourcecode.javascript; path = Fastmate.js; sourceTree = "<group>"; };
		5D8DDE28244399BD00747135 /* KVOBlockObserver.h */ = {isa = PBXFileReference; lastKnownFileType = sourcecode.c.h; path = KVOBlockObserver.h; sourceTree = "<group>"; };
		5D8DDE29244399BD00747135 /* KVOBlockObserver.m */ = {isa = PBXFileReference; lastKnownFileType = sourcecode.c.objc; path = KVOBlockObserver.m; sourceTree = "<group>"; };
		5D8DDE2B2443AD4800747135 /* UserDefaultsKeys.h */ = {isa = PBXFileReference; lastKnownFileType = sourcecode.c.h; path = UserDefaultsKeys.h; sourceTree = "<group>"; };
		5DA21A152128617900C765BF /* Base */ = {isa = PBXFileReference; lastKnownFileType = file.storyboard; name = Base; path = Base.lproj/Main.storyboard; sourceTree = "<group>"; };
		5DBB973727BC4EE7002A2EFE /* Notifications.swift */ = {isa = PBXFileReference; lastKnownFileType = sourcecode.swift; path = Notifications.swift; sourceTree = "<group>"; };
		5DC2AF2B225933BE004C94E5 /* VersionChecker.h */ = {isa = PBXFileReference; lastKnownFileType = sourcecode.c.h; path = VersionChecker.h; sourceTree = "<group>"; };
		5DC2AF2C225933BE004C94E5 /* VersionChecker.m */ = {isa = PBXFileReference; lastKnownFileType = sourcecode.c.objc; path = VersionChecker.m; sourceTree = "<group>"; };
		5DCFE8772258CEC5006B1A21 /* SettingsViewController.h */ = {isa = PBXFileReference; lastKnownFileType = sourcecode.c.h; path = SettingsViewController.h; sourceTree = "<group>"; };
		5DCFE8782258CEC5006B1A21 /* SettingsViewController.m */ = {isa = PBXFileReference; lastKnownFileType = sourcecode.c.objc; path = SettingsViewController.m; sourceTree = "<group>"; };
		5DF817F42790B9B700D765E4 /* UnreadCount.swift */ = {isa = PBXFileReference; lastKnownFileType = sourcecode.swift; path = UnreadCount.swift; sourceTree = "<group>"; };
/* End PBXFileReference section */

/* Begin PBXFrameworksBuildPhase section */
		5D39BED32122383800693D7E /* Frameworks */ = {
			isa = PBXFrameworksBuildPhase;
			buildActionMask = 2147483647;
			files = (
				5D18D5022685E2EC002999F0 /* PDFKit.framework in Frameworks */,
			);
			runOnlyForDeploymentPostprocessing = 0;
		};
/* End PBXFrameworksBuildPhase section */

/* Begin PBXGroup section */
		5D18D5002685E2EC002999F0 /* Frameworks */ = {
			isa = PBXGroup;
			children = (
				5D18D5012685E2EC002999F0 /* PDFKit.framework */,
			);
			name = Frameworks;
			sourceTree = "<group>";
		};
		5D39BECD2122383700693D7E = {
			isa = PBXGroup;
			children = (
				5D39BED82122383800693D7E /* Fastmate */,
				5D39BED72122383800693D7E /* Products */,
				5D18D5002685E2EC002999F0 /* Frameworks */,
			);
			sourceTree = "<group>";
		};
		5D39BED72122383800693D7E /* Products */ = {
			isa = PBXGroup;
			children = (
				5D39BED62122383800693D7E /* Fastmate.app */,
			);
			name = Products;
			sourceTree = "<group>";
		};
		5D39BED82122383800693D7E /* Fastmate */ = {
			isa = PBXGroup;
			children = (
				5D1DDBD127897C4D00244F04 /* AppDelegate.swift */,
				5D1DDBD3278B718000244F04 /* UserDefaults.swift */,
				5D1DDBD5278C483400244F04 /* MainWindowController.swift */,
				5DF817F42790B9B700D765E4 /* UnreadCount.swift */,
				5DBB973727BC4EE7002A2EFE /* Notifications.swift */,
				5D6E3B352122FF9E00ED16C9 /* WebViewController.h */,
				5D6E3B362122FF9E00ED16C9 /* WebViewController.m */,
				5D0F8E93240B910A00287BD1 /* PrintManager.h */,
				5D0F8E94240B910A00287BD1 /* PrintManager.m */,
				5DCFE8772258CEC5006B1A21 /* SettingsViewController.h */,
				5DCFE8782258CEC5006B1A21 /* SettingsViewController.m */,
				5DC2AF2B225933BE004C94E5 /* VersionChecker.h */,
				5DC2AF2C225933BE004C94E5 /* VersionChecker.m */,
				5D8DDE2B2443AD4800747135 /* UserDefaultsKeys.h */,
				5D8DDE28244399BD00747135 /* KVOBlockObserver.h */,
				5D8DDE29244399BD00747135 /* KVOBlockObserver.m */,
				5D6E3B3A212824AF00ED16C9 /* Fastmate.js */,
				5D39BEDC2122383900693D7E /* Assets.xcassets */,
				5DA21A142128617900C765BF /* Main.storyboard */,
				5D39BEE12122383900693D7E /* Info.plist */,
				5D39BEE22122383900693D7E /* main.m */,
				5D39BEE42122383900693D7E /* Fastmate.entitlements */,
				5D14A8EA22C425B400A5ACE9 /* Credits.rtf */,
				5D1DDBD027897C4C00244F04 /* Fastmate-Bridging-Header.h */,
			);
			path = Fastmate;
			sourceTree = "<group>";
		};
/* End PBXGroup section */

/* Begin PBXNativeTarget section */
		5D39BED52122383800693D7E /* Fastmate */ = {
			isa = PBXNativeTarget;
			buildConfigurationList = 5D39BEE72122383900693D7E /* Build configuration list for PBXNativeTarget "Fastmate" */;
			buildPhases = (
				5D39BED22122383800693D7E /* Sources */,
				5D39BED32122383800693D7E /* Frameworks */,
				5D39BED42122383800693D7E /* Resources */,
			);
			buildRules = (
			);
			dependencies = (
			);
			name = Fastmate;
			productName = Fastmate;
			productReference = 5D39BED62122383800693D7E /* Fastmate.app */;
			productType = "com.apple.product-type.application";
		};
/* End PBXNativeTarget section */

/* Begin PBXProject section */
		5D39BECE2122383700693D7E /* Project object */ = {
			isa = PBXProject;
			attributes = {
				LastUpgradeCheck = 1320;
				TargetAttributes = {
					5D39BED52122383800693D7E = {
						CreatedOnToolsVersion = 9.4.1;
						LastSwiftMigration = 1320;
						SystemCapabilities = {
							com.apple.Sandbox = {
								enabled = 1;
							};
						};
					};
				};
			};
			buildConfigurationList = 5D39BED12122383700693D7E /* Build configuration list for PBXProject "Fastmate" */;
			compatibilityVersion = "Xcode 9.3";
			developmentRegion = en;
			hasScannedForEncodings = 0;
			knownRegions = (
				en,
				Base,
			);
			mainGroup = 5D39BECD2122383700693D7E;
			productRefGroup = 5D39BED72122383800693D7E /* Products */;
			projectDirPath = "";
			projectRoot = "";
			targets = (
				5D39BED52122383800693D7E /* Fastmate */,
			);
		};
/* End PBXProject section */

/* Begin PBXResourcesBuildPhase section */
		5D39BED42122383800693D7E /* Resources */ = {
			isa = PBXResourcesBuildPhase;
			buildActionMask = 2147483647;
			files = (
				5D39BEDD2122383900693D7E /* Assets.xcassets in Resources */,
				5DA21A162128617900C765BF /* Main.storyboard in Resources */,
				5D6E3B3B212824AF00ED16C9 /* Fastmate.js in Resources */,
				5D14A8EB22C425B400A5ACE9 /* Credits.rtf in Resources */,
			);
			runOnlyForDeploymentPostprocessing = 0;
		};
/* End PBXResourcesBuildPhase section */

/* Begin PBXSourcesBuildPhase section */
		5D39BED22122383800693D7E /* Sources */ = {
			isa = PBXSourcesBuildPhase;
			buildActionMask = 2147483647;
			files = (
				5DBB973827BC4EE7002A2EFE /* Notifications.swift in Sources */,
				5DF817F52790B9B700D765E4 /* UnreadCount.swift in Sources */,
				5D1DDBD227897C4D00244F04 /* AppDelegate.swift in Sources */,
				5D8DDE2A244399BD00747135 /* KVOBlockObserver.m in Sources */,
				5D1DDBD6278C483400244F04 /* MainWindowController.swift in Sources */,
				5D1DDBD4278B718000244F04 /* UserDefaults.swift in Sources */,
				5D39BEE32122383900693D7E /* main.m in Sources */,
				5DCFE8792258CEC5006B1A21 /* SettingsViewController.m in Sources */,
				5D6E3B372122FF9E00ED16C9 /* WebViewController.m in Sources */,
				5D0F8E95240B910A00287BD1 /* PrintManager.m in Sources */,
				5DC2AF2D225933BE004C94E5 /* VersionChecker.m in Sources */,
			);
			runOnlyForDeploymentPostprocessing = 0;
		};
/* End PBXSourcesBuildPhase section */

/* Begin PBXVariantGroup section */
		5DA21A142128617900C765BF /* Main.storyboard */ = {
			isa = PBXVariantGroup;
			children = (
				5DA21A152128617900C765BF /* Base */,
			);
			name = Main.storyboard;
			sourceTree = "<group>";
		};
/* End PBXVariantGroup section */

/* Begin XCBuildConfiguration section */
		5D39BEE52122383900693D7E /* Debug */ = {
			isa = XCBuildConfiguration;
			buildSettings = {
				ALWAYS_SEARCH_USER_PATHS = NO;
				CLANG_ANALYZER_NONNULL = YES;
				CLANG_ANALYZER_NUMBER_OBJECT_CONVERSION = YES_AGGRESSIVE;
				CLANG_CXX_LANGUAGE_STANDARD = "gnu++14";
				CLANG_CXX_LIBRARY = "libc++";
				CLANG_ENABLE_MODULES = YES;
				CLANG_ENABLE_OBJC_ARC = YES;
				CLANG_ENABLE_OBJC_WEAK = YES;
				CLANG_WARN_BLOCK_CAPTURE_AUTORELEASING = YES;
				CLANG_WARN_BOOL_CONVERSION = YES;
				CLANG_WARN_COMMA = YES;
				CLANG_WARN_CONSTANT_CONVERSION = YES;
				CLANG_WARN_DEPRECATED_OBJC_IMPLEMENTATIONS = YES;
				CLANG_WARN_DIRECT_OBJC_ISA_USAGE = YES_ERROR;
				CLANG_WARN_DOCUMENTATION_COMMENTS = YES;
				CLANG_WARN_EMPTY_BODY = YES;
				CLANG_WARN_ENUM_CONVERSION = YES;
				CLANG_WARN_INFINITE_RECURSION = YES;
				CLANG_WARN_INT_CONVERSION = YES;
				CLANG_WARN_NON_LITERAL_NULL_CONVERSION = YES;
				CLANG_WARN_OBJC_IMPLICIT_RETAIN_SELF = YES;
				CLANG_WARN_OBJC_LITERAL_CONVERSION = YES;
				CLANG_WARN_OBJC_ROOT_CLASS = YES_ERROR;
				CLANG_WARN_QUOTED_INCLUDE_IN_FRAMEWORK_HEADER = YES;
				CLANG_WARN_RANGE_LOOP_ANALYSIS = YES;
				CLANG_WARN_STRICT_PROTOTYPES = YES;
				CLANG_WARN_SUSPICIOUS_MOVE = YES;
				CLANG_WARN_UNGUARDED_AVAILABILITY = YES_AGGRESSIVE;
				CLANG_WARN_UNREACHABLE_CODE = YES;
				CLANG_WARN__DUPLICATE_METHOD_MATCH = YES;
				CODE_SIGN_IDENTITY = "Mac Developer";
				COPY_PHASE_STRIP = NO;
				DEBUG_INFORMATION_FORMAT = dwarf;
				ENABLE_STRICT_OBJC_MSGSEND = YES;
				ENABLE_TESTABILITY = YES;
				GCC_C_LANGUAGE_STANDARD = gnu11;
				GCC_DYNAMIC_NO_PIC = NO;
				GCC_NO_COMMON_BLOCKS = YES;
				GCC_OPTIMIZATION_LEVEL = 0;
				GCC_PREPROCESSOR_DEFINITIONS = (
					"DEBUG=1",
					"$(inherited)",
				);
				GCC_WARN_64_TO_32_BIT_CONVERSION = YES;
				GCC_WARN_ABOUT_RETURN_TYPE = YES_ERROR;
				GCC_WARN_UNDECLARED_SELECTOR = YES;
				GCC_WARN_UNINITIALIZED_AUTOS = YES_AGGRESSIVE;
				GCC_WARN_UNUSED_FUNCTION = YES;
				GCC_WARN_UNUSED_VARIABLE = YES;
				MACOSX_DEPLOYMENT_TARGET = 10.13;
				MTL_ENABLE_DEBUG_INFO = YES;
				ONLY_ACTIVE_ARCH = YES;
				SDKROOT = macosx;
			};
			name = Debug;
		};
		5D39BEE62122383900693D7E /* Release */ = {
			isa = XCBuildConfiguration;
			buildSettings = {
				ALWAYS_SEARCH_USER_PATHS = NO;
				CLANG_ANALYZER_NONNULL = YES;
				CLANG_ANALYZER_NUMBER_OBJECT_CONVERSION = YES_AGGRESSIVE;
				CLANG_CXX_LANGUAGE_STANDARD = "gnu++14";
				CLANG_CXX_LIBRARY = "libc++";
				CLANG_ENABLE_MODULES = YES;
				CLANG_ENABLE_OBJC_ARC = YES;
				CLANG_ENABLE_OBJC_WEAK = YES;
				CLANG_WARN_BLOCK_CAPTURE_AUTORELEASING = YES;
				CLANG_WARN_BOOL_CONVERSION = YES;
				CLANG_WARN_COMMA = YES;
				CLANG_WARN_CONSTANT_CONVERSION = YES;
				CLANG_WARN_DEPRECATED_OBJC_IMPLEMENTATIONS = YES;
				CLANG_WARN_DIRECT_OBJC_ISA_USAGE = YES_ERROR;
				CLANG_WARN_DOCUMENTATION_COMMENTS = YES;
				CLANG_WARN_EMPTY_BODY = YES;
				CLANG_WARN_ENUM_CONVERSION = YES;
				CLANG_WARN_INFINITE_RECURSION = YES;
				CLANG_WARN_INT_CONVERSION = YES;
				CLANG_WARN_NON_LITERAL_NULL_CONVERSION = YES;
				CLANG_WARN_OBJC_IMPLICIT_RETAIN_SELF = YES;
				CLANG_WARN_OBJC_LITERAL_CONVERSION = YES;
				CLANG_WARN_OBJC_ROOT_CLASS = YES_ERROR;
				CLANG_WARN_QUOTED_INCLUDE_IN_FRAMEWORK_HEADER = YES;
				CLANG_WARN_RANGE_LOOP_ANALYSIS = YES;
				CLANG_WARN_STRICT_PROTOTYPES = YES;
				CLANG_WARN_SUSPICIOUS_MOVE = YES;
				CLANG_WARN_UNGUARDED_AVAILABILITY = YES_AGGRESSIVE;
				CLANG_WARN_UNREACHABLE_CODE = YES;
				CLANG_WARN__DUPLICATE_METHOD_MATCH = YES;
				CODE_SIGN_IDENTITY = "Mac Developer";
				COPY_PHASE_STRIP = NO;
				DEBUG_INFORMATION_FORMAT = "dwarf-with-dsym";
				ENABLE_NS_ASSERTIONS = NO;
				ENABLE_STRICT_OBJC_MSGSEND = YES;
				GCC_C_LANGUAGE_STANDARD = gnu11;
				GCC_NO_COMMON_BLOCKS = YES;
				GCC_WARN_64_TO_32_BIT_CONVERSION = YES;
				GCC_WARN_ABOUT_RETURN_TYPE = YES_ERROR;
				GCC_WARN_UNDECLARED_SELECTOR = YES;
				GCC_WARN_UNINITIALIZED_AUTOS = YES_AGGRESSIVE;
				GCC_WARN_UNUSED_FUNCTION = YES;
				GCC_WARN_UNUSED_VARIABLE = YES;
				MACOSX_DEPLOYMENT_TARGET = 10.13;
				MTL_ENABLE_DEBUG_INFO = NO;
				SDKROOT = macosx;
			};
			name = Release;
		};
		5D39BEE82122383900693D7E /* Debug */ = {
			isa = XCBuildConfiguration;
			buildSettings = {
				ASSETCATALOG_COMPILER_APPICON_NAME = AppIcon;
				CLANG_ENABLE_MODULES = YES;
				CODE_SIGN_ENTITLEMENTS = Fastmate/Fastmate.entitlements;
				CODE_SIGN_IDENTITY = "Apple Development";
				CODE_SIGN_STYLE = Automatic;
				COMBINE_HIDPI_IMAGES = YES;
				CURRENT_PROJECT_VERSION = 1;
				DEVELOPMENT_TEAM = 5RNJHF933P;
				ENABLE_HARDENED_RUNTIME = YES;
				INFOPLIST_FILE = Fastmate/Info.plist;
				LD_RUNPATH_SEARCH_PATHS = (
					"$(inherited)",
					"@executable_path/../Frameworks",
				);
				MACOSX_DEPLOYMENT_TARGET = 10.15;
				MARKETING_VERSION = 1.8.2;
				PRODUCT_BUNDLE_IDENTIFIER = io.ekstrom.Fastmate;
				PRODUCT_NAME = "$(TARGET_NAME)";
				SWIFT_OBJC_BRIDGING_HEADER = "Fastmate/Fastmate-Bridging-Header.h";
				SWIFT_OPTIMIZATION_LEVEL = "-Onone";
				SWIFT_VERSION = 5.0;
			};
			name = Debug;
		};
		5D39BEE92122383900693D7E /* Release */ = {
			isa = XCBuildConfiguration;
			buildSettings = {
				ASSETCATALOG_COMPILER_APPICON_NAME = AppIcon;
				CLANG_ENABLE_MODULES = YES;
				CODE_SIGN_ENTITLEMENTS = Fastmate/Fastmate.entitlements;
				CODE_SIGN_IDENTITY = "Apple Development";
				CODE_SIGN_STYLE = Automatic;
				COMBINE_HIDPI_IMAGES = YES;
				CURRENT_PROJECT_VERSION = 1;
				DEVELOPMENT_TEAM = 5RNJHF933P;
				ENABLE_HARDENED_RUNTIME = YES;
				INFOPLIST_FILE = Fastmate/Info.plist;
				LD_RUNPATH_SEARCH_PATHS = (
					"$(inherited)",
					"@executable_path/../Frameworks",
				);
				MACOSX_DEPLOYMENT_TARGET = 10.15;
				MARKETING_VERSION = 1.8.2;
				PRODUCT_BUNDLE_IDENTIFIER = io.ekstrom.Fastmate;
				PRODUCT_NAME = "$(TARGET_NAME)";
				SWIFT_OBJC_BRIDGING_HEADER = "Fastmate/Fastmate-Bridging-Header.h";
				SWIFT_VERSION = 5.0;
			};
			name = Release;
		};
/* End XCBuildConfiguration section */

/* Begin XCConfigurationList section */
		5D39BED12122383700693D7E /* Build configuration list for PBXProject "Fastmate" */ = {
			isa = XCConfigurationList;
			buildConfigurations = (
				5D39BEE52122383900693D7E /* Debug */,
				5D39BEE62122383900693D7E /* Release */,
			);
			defaultConfigurationIsVisible = 0;
			defaultConfigurationName = Release;
		};
		5D39BEE72122383900693D7E /* Build configuration list for PBXNativeTarget "Fastmate" */ = {
			isa = XCConfigurationList;
			buildConfigurations = (
				5D39BEE82122383900693D7E /* Debug */,
				5D39BEE92122383900693D7E /* Release */,
			);
			defaultConfigurationIsVisible = 0;
			defaultConfigurationName = Release;
		};
/* End XCConfigurationList section */
	};
	rootObject = 5D39BECE2122383700693D7E /* Project object */;
}
